<?xml version="1.0" encoding="utf-8"?>
<Project ToolsVersion="4.0" xmlns="http://schemas.microsoft.com/developer/msbuild/2003">
  <ItemGroup>
    <Filter Include="Class">
      <UniqueIdentifier>{0b7d2b2d-1ed9-44ae-a183-7147f748a07a}</UniqueIdentifier>
    </Filter>
    <Filter Include="Win32">
      <UniqueIdentifier>{0cf76b50-7c56-45c6-80eb-e028fad2b768}</UniqueIdentifier>
    </Filter>
  </ItemGroup>
  <ItemGroup>
    <ClCompile Include="main.cpp">
      <Filter>Win32</Filter>
    </ClCompile>
    <ClCompile Include="..\..\Class\AppDelegate.cpp">
      <Filter>Class</Filter>
    </ClCompile>
  </ItemGroup>
  <ItemGroup>
    <ClInclude Include="..\..\Class\AppDelegate.h">
      <Filter>Class</Filter>
    </ClInclude>
  </ItemGroup>
</Project>